{
  "lockfileVersion": 1,
  "configVersion": 1,
  "workspaces": {
    "": {
      "name": "single-page",
      "dependencies": {
        "croner": "^10.0.1",
        "quickjs-emscripten": "^0.32.0",
      },
      "devDependencies": {
        "@types/bun": "latest",
      },
      "peerDependencies": {
        "typescript": "^5",
      },
    },
  },
  "packages": {
    "@jitl/quickjs-ffi-types": ["@jitl/quickjs-ffi-types@0.32.0", "", {}, "sha512-v9T+GQpmk43VDJ7d72sf0Nexhk+ArvtUihW27dy7lqAl0zBObFKtSBBIm5RBjwIhE8VwsPPm9PNuvPvNqLWUEg=="],

    "@jitl/quickjs-wasmfile-debug-asyncify": ["@jitl/quickjs-wasmfile-debug-asyncify@0.32.0", "", { "dependencies": { "@jitl/quickjs-ffi-types": "0.32.0" } }, "sha512-EX8zbXwGqCgAE764M+qvkHtyXDi/FUoMBea0JnES7vCM3P7a2+EOZOjGv85wtZ2sJhI1oJ+nekmqpOODFDY+hw=="],

    "@jitl/quickjs-wasmfile-debug-sync": ["@jitl/quickjs-wasmfile-debug-sync@0.32.0", "", { "dependencies": { "@jitl/quickjs-ffi-types": "0.32.0" } }, "sha512-LeYWrPGC1uNCTBWvibo3ZLJj0CSVNYUXvJpXMCmuQ5Sap2cCACc3uvGvYV4homHHBAzfw5akoTqMMS4YFRtw+Q=="],

    "@jitl/quickjs-wasmfile-release-asyncify": ["@jitl/quickjs-wasmfile-release-asyncify@0.32.0", "", { "dependencies": { "@jitl/quickjs-ffi-types": "0.32.0" } }, "sha512-3oSwPfja12ICz4aIblB58cuY8JlEq5Txt8Cut4VLo+LH47QN+mzCnSgnbB03hWzg1LBcc+VyyI9UOag7a1NF+Q=="],

    "@jitl/quickjs-wasmfile-release-sync": ["@jitl/quickjs-wasmfile-release-sync@0.32.0", "", { "dependencies": { "@jitl/quickjs-ffi-types": "0.32.0" } }, "sha512-BKNDI/TPBfGlLNGYpLrhcDGXmIk4xHm4MRAisOBnOzpXVn9HZWsfmMAc9WMBrAHjvvds6HOikKeaOBKdPdpVrg=="],

    "@types/bun": ["@types/bun@1.3.14", "", { "dependencies": { "bun-types": "1.3.14" } }, "sha512-h1hFqFVcvAvD9j9K7ZW7vd82aSA+rTdznZa+5bwvCwqSB1jmmfLcbIWhOLx1/+boy/xmjgCs/OMUL8hRJSmnPw=="],

    "@types/node": ["@types/node@26.0.0", "", { "dependencies": { "undici-types": "~8.3.0" } }, "sha512-vf2YFi1iY9lHGwNJMs01biZFbKJkrZR1T6/MlzjhJLPdntOHLhTrDSnSVcdtvjihi4VQNlrFRIxLsDBlQpAipA=="],

    "bun-types": ["bun-types@1.3.14", "", { "dependencies": { "@types/node": "*" } }, "sha512-4N0ig0fEomHt5R0KCFWjovxow98rIoRwKolrYdCcknNwMekCXRnWEUvgu5soYV8QXtVsrUD8B95MBOZGPvr6KQ=="],

    "croner": ["croner@10.0.1", "", {}, "sha512-ixNtAJndqh173VQ4KodSdJEI6nuioBWI0V1ITNKhZZsO0pEMoDxz539T4FTTbSZ/xIOSuDnzxLVRqBVSvPNE2g=="],

    "quickjs-emscripten": ["quickjs-emscripten@0.32.0", "", { "dependencies": { "@jitl/quickjs-wasmfile-debug-asyncify": "0.32.0", "@jitl/quickjs-wasmfile-debug-sync": "0.32.0", "@jitl/quickjs-wasmfile-release-asyncify": "0.32.0", "@jitl/quickjs-wasmfile-release-sync": "0.32.0", "quickjs-emscripten-core": "0.32.0" } }, "sha512-So0Sqw869y/S2oE3Nuc0uT3Dhqgvsj8FSrwBdsuTosVsG8ME5/OcudU1GxsrIFdFABgy17GHnTVO9TYV/bLQcA=="],

    "quickjs-emscripten-core": ["quickjs-emscripten-core@0.32.0", "", { "dependencies": { "@jitl/quickjs-ffi-types": "0.32.0" } }, "sha512-QFnPfjFey8EqknSrSxe1hZrf1/8z7/6s1QzGOmKo6++02r7QRRX7ZoyNaZh7JuVjWsVW87KnQrbZqnHkOAzUyg=="],

    "typescript": ["typescript@5.9.3", "", { "bin": { "tsc": "bin/tsc", "tsserver": "bin/tsserver" } }, "sha512-jl1vZzPDinLr9eUt3J/t7V6FgNEw9QjvBPdysz9KfQDD41fQrC2Y4vKQdiaUpFT4bXlb1RHhLpp8wtm6M5TgSw=="],

    "undici-types": ["undici-types@8.3.0", "", {}, "sha512-j375ScV60dom+YkPFIfTLcOiPxkN/buHz5GobjLhixFuANaNs3C9l4GmrWqejgXWJ7BbJcFYpTEUkS1Ge8bpZQ=="],
  }
}
